// !$*UTF8*$!
{
	archiveVersion = 1;
	classes = {
	};
	objectVersion = 56;
	objects = {

/* Begin PBXBuildFile section */
		54165BF42C3C2721005B8A73 /* CircularProfileImageView.swift in Sources */ = {isa = PBXBuildFile; fileRef = 54165BF32C3C2721005B8A73 /* CircularProfileImageView.swift */; };
		54165BF72C3C2AB2005B8A73 /* ChatView.swift in Sources */ = {isa = PBXBuildFile; fileRef = 54165BF62C3C2AB2005B8A73 /* ChatView.swift */; };
		54165BF92C3C2CBD005B8A73 /* ChatMessageCell.swift in Sources */ = {isa = PBXBuildFile; fileRef = 54165BF82C3C2CBD005B8A73 /* ChatMessageCell.swift */; };
		54165BFB2C3C2ED0005B8A73 /* ChatBubble.swift in Sources */ = {isa = PBXBuildFile; fileRef = 54165BFA2C3C2ED0005B8A73 /* ChatBubble.swift */; };
		54165BFF2C3D37DC005B8A73 /* GoogleService-Info.plist in Resources */ = {isa = PBXBuildFile; fileRef = 54165BFE2C3D37DC005B8A73 /* GoogleService-Info.plist */; };
		54165C022C3D389B005B8A73 /* FirebaseAuth in Frameworks */ = {isa = PBXBuildFile; productRef = 54165C012C3D389B005B8A73 /* FirebaseAuth */; };
		54165C042C3D389B005B8A73 /* FirebaseFirestore in Frameworks */ = {isa = PBXBuildFile; productRef = 54165C032C3D389B005B8A73 /* FirebaseFirestore */; };
		54165C062C3D389B005B8A73 /* FirebaseFirestoreSwift in Frameworks */ = {isa = PBXBuildFile; productRef = 54165C052C3D389B005B8A73 /* FirebaseFirestoreSwift */; };
		54165C082C3D389B005B8A73 /* FirebaseStorage in Frameworks */ = {isa = PBXBuildFile; productRef = 54165C072C3D389B005B8A73 /* FirebaseStorage */; };
		54165C0C2C3D3973005B8A73 /* LoginViewModel.swift in Sources */ = {isa = PBXBuildFile; fileRef = 54165C0B2C3D3973005B8A73 /* LoginViewModel.swift */; };
		54165C0E2C3D398B005B8A73 /* RegistrationViewModel.swift in Sources */ = {isa = PBXBuildFile; fileRef = 54165C0D2C3D398B005B8A73 /* RegistrationViewModel.swift */; };
		54165C102C3D39A8005B8A73 /* AuthService.swift in Sources */ = {isa = PBXBuildFile; fileRef = 54165C0F2C3D39A8005B8A73 /* AuthService.swift */; };
		54165C142C3D41B9005B8A73 /* ContentViewModel.swift in Sources */ = {isa = PBXBuildFile; fileRef = 54165C132C3D41B9005B8A73 /* ContentViewModel.swift */; };
		54165C162C3D4B98005B8A73 /* UserService.swift in Sources */ = {isa = PBXBuildFile; fileRef = 54165C152C3D4B98005B8A73 /* UserService.swift */; };
		54165C1A2C3D4E0A005B8A73 /* InboxViewModel.swift in Sources */ = {isa = PBXBuildFile; fileRef = 54165C192C3D4E0A005B8A73 /* InboxViewModel.swift */; };
		54165C1E2C3D6C5C005B8A73 /* NewMessageViewModel.swift in Sources */ = {isa = PBXBuildFile; fileRef = 54165C1D2C3D6C5C005B8A73 /* NewMessageViewModel.swift */; };
		5423726A2C3BDCB9009450E6 /* FriendsChatApp.swift in Sources */ = {isa = PBXBuildFile; fileRef = 542372692C3BDCB9009450E6 /* FriendsChatApp.swift */; };
		5423726C2C3BDCB9009450E6 /* ContentView.swift in Sources */ = {isa = PBXBuildFile; fileRef = 5423726B2C3BDCB9009450E6 /* ContentView.swift */; };
		5423726E2C3BDCBA009450E6 /* Assets.xcassets in Resources */ = {isa = PBXBuildFile; fileRef = 5423726D2C3BDCBA009450E6 /* Assets.xcassets */; };
		542372712C3BDCBA009450E6 /* Preview Assets.xcassets in Resources */ = {isa = PBXBuildFile; fileRef = 542372702C3BDCBA009450E6 /* Preview Assets.xcassets */; };
		542372802C3BDE54009450E6 /* LoginView.swift in Sources */ = {isa = PBXBuildFile; fileRef = 5423727F2C3BDE54009450E6 /* LoginView.swift */; };
		542372822C3BEBB0009450E6 /* RegistrationView.swift in Sources */ = {isa = PBXBuildFile; fileRef = 542372812C3BEBB0009450E6 /* RegistrationView.swift */; };
		542372852C3BEDB8009450E6 /* InboxView.swift in Sources */ = {isa = PBXBuildFile; fileRef = 542372842C3BEDB8009450E6 /* InboxView.swift */; };
		542372882C3BEF47009450E6 /* ActiveNowView.swift in Sources */ = {isa = PBXBuildFile; fileRef = 542372872C3BEF47009450E6 /* ActiveNowView.swift */; };
		5423728A2C3BF771009450E6 /* InboxRowView.swift in Sources */ = {isa = PBXBuildFile; fileRef = 542372892C3BF771009450E6 /* InboxRowView.swift */; };
		5423728D2C3C0637009450E6 /* NewMessageView.swift in Sources */ = {isa = PBXBuildFile; fileRef = 5423728C2C3C0637009450E6 /* NewMessageView.swift */; };
		542372922C3C0917009450E6 /* ProfileView.swift in Sources */ = {isa = PBXBuildFile; fileRef = 542372912C3C0917009450E6 /* ProfileView.swift */; };
		542372942C3C0A22009450E6 /* SettingOptionsViewModel.swift in Sources */ = {isa = PBXBuildFile; fileRef = 542372932C3C0A22009450E6 /* SettingOptionsViewModel.swift */; };
		542372962C3C0E3A009450E6 /* ProfileViewModel.swift in Sources */ = {isa = PBXBuildFile; fileRef = 542372952C3C0E3A009450E6 /* ProfileViewModel.swift */; };
		542372982C3C1C4F009450E6 /* User.swift in Sources */ = {isa = PBXBuildFile; fileRef = 542372972C3C1C4F009450E6 /* User.swift */; };
		54C04ABA2C3E823900DE56F0 /* Message.swift in Sources */ = {isa = PBXBuildFile; fileRef = 54C04AB92C3E823900DE56F0 /* Message.swift */; };
		54C04ABC2C3E867800DE56F0 /* MessageService.swift in Sources */ = {isa = PBXBuildFile; fileRef = 54C04ABB2C3E867800DE56F0 /* MessageService.swift */; };
		54C04AC02C3E8E1500DE56F0 /* ChatViewModel.swift in Sources */ = {isa = PBXBuildFile; fileRef = 54C04ABF2C3E8E1500DE56F0 /* ChatViewModel.swift */; };
		54C04AC32C3EAB1E00DE56F0 /* ChatService.swift in Sources */ = {isa = PBXBuildFile; fileRef = 54C04AC22C3EAB1E00DE56F0 /* ChatService.swift */; };
		54C04AC62C3EABF400DE56F0 /* Constants.swift in Sources */ = {isa = PBXBuildFile; fileRef = 54C04AC52C3EABF400DE56F0 /* Constants.swift */; };
		54C04AC92C3FE6FF00DE56F0 /* InboxService.swift in Sources */ = {isa = PBXBuildFile; fileRef = 54C04AC82C3FE6FF00DE56F0 /* InboxService.swift */; };
		54C04ACB2C3FF2C400DE56F0 /* Date.swift in Sources */ = {isa = PBXBuildFile; fileRef = 54C04ACA2C3FF2C400DE56F0 /* Date.swift */; };
		54E44EEB2C412A060026D225 /* ActiveNowViewModel.swift in Sources */ = {isa = PBXBuildFile; fileRef = 54E44EEA2C412A060026D225 /* ActiveNowViewModel.swift */; };
		54E44EEF2C412CDA0026D225 /* Route.swift in Sources */ = {isa = PBXBuildFile; fileRef = 54E44EEE2C412CDA0026D225 /* Route.swift */; };
/* End PBXBuildFile section */

/* Begin PBXFileReference section */
		54165BF32C3C2721005B8A73 /* CircularProfileImageView.swift */ = {isa = PBXFileReference; lastKnownFileType = sourcecode.swift; path = CircularProfileImageView.swift; sourceTree = "<group>"; };
		54165BF62C3C2AB2005B8A73 /* ChatView.swift */ = {isa = PBXFileReference; lastKnownFileType = sourcecode.swift; path = ChatView.swift; sourceTree = "<group>"; };
		54165BF82C3C2CBD005B8A73 /* ChatMessageCell.swift */ = {isa = PBXFileReference; lastKnownFileType = sourcecode.swift; path = ChatMessageCell.swift; sourceTree = "<group>"; };
		54165BFA2C3C2ED0005B8A73 /* ChatBubble.swift */ = {isa = PBXFileReference; lastKnownFileType = sourcecode.swift; path = ChatBubble.swift; sourceTree = "<group>"; };
		54165BFE2C3D37DC005B8A73 /* GoogleService-Info.plist */ = {isa = PBXFileReference; fileEncoding = 4; lastKnownFileType = text.plist.xml; path = "GoogleService-Info.plist"; sourceTree = "<group>"; };
		54165C0B2C3D3973005B8A73 /* LoginViewModel.swift */ = {isa = PBXFileReference; lastKnownFileType = sourcecode.swift; path = LoginViewModel.swift; sourceTree = "<group>"; };
		54165C0D2C3D398B005B8A73 /* RegistrationViewModel.swift */ = {isa = PBXFileReference; lastKnownFileType = sourcecode.swift; path = RegistrationViewModel.swift; sourceTree = "<group>"; };
		54165C0F2C3D39A8005B8A73 /* AuthService.swift */ = {isa = PBXFileReference; lastKnownFileType = sourcecode.swift; path = AuthService.swift; sourceTree = "<group>"; };
		54165C132C3D41B9005B8A73 /* ContentViewModel.swift */ = {isa = PBXFileReference; lastKnownFileType = sourcecode.swift; path = ContentViewModel.swift; sourceTree = "<group>"; };
		54165C152C3D4B98005B8A73 /* UserService.swift */ = {isa = PBXFileReference; lastKnownFileType = sourcecode.swift; path = UserService.swift; sourceTree = "<group>"; };
		54165C192C3D4E0A005B8A73 /* InboxViewModel.swift */ = {isa = PBXFileReference; lastKnownFileType = sourcecode.swift; path = InboxViewModel.swift; sourceTree = "<group>"; };
		54165C1D2C3D6C5C005B8A73 /* NewMessageViewModel.swift */ = {isa = PBXFileReference; lastKnownFileType = sourcecode.swift; path = NewMessageViewModel.swift; sourceTree = "<group>"; };
		542372662C3BDCB9009450E6 /* FriendsChat.app */ = {isa = PBXFileReference; explicitFileType = wrapper.application; includeInIndex = 0; path = FriendsChat.app; sourceTree = BUILT_PRODUCTS_DIR; };
		542372692C3BDCB9009450E6 /* FriendsChatApp.swift */ = {isa = PBXFileReference; lastKnownFileType = sourcecode.swift; path = FriendsChatApp.swift; sourceTree = "<group>"; };
		5423726B2C3BDCB9009450E6 /* ContentView.swift */ = {isa = PBXFileReference; lastKnownFileType = sourcecode.swift; path = ContentView.swift; sourceTree = "<group>"; };
		5423726D2C3BDCBA009450E6 /* Assets.xcassets */ = {isa = PBXFileReference; lastKnownFileType = folder.assetcatalog; path = Assets.xcassets; sourceTree = "<group>"; };
		542372702C3BDCBA009450E6 /* Preview Assets.xcassets */ = {isa = PBXFileReference; lastKnownFileType = folder.assetcatalog; path = "Preview Assets.xcassets"; sourceTree = "<group>"; };
		5423727F2C3BDE54009450E6 /* LoginView.swift */ = {isa = PBXFileReference; lastKnownFileType = sourcecode.swift; path = LoginView.swift; sourceTree = "<group>"; };
		542372812C3BEBB0009450E6 /* RegistrationView.swift */ = {isa = PBXFileReference; lastKnownFileType = sourcecode.swift; path = RegistrationView.swift; sourceTree = "<group>"; };
		542372842C3BEDB8009450E6 /* InboxView.swift */ = {isa = PBXFileReference; lastKnownFileType = sourcecode.swift; path = InboxView.swift; sourceTree = "<group>"; };
		542372872C3BEF47009450E6 /* ActiveNowView.swift */ = {isa = PBXFileReference; lastKnownFileType = sourcecode.swift; path = ActiveNowView.swift; sourceTree = "<group>"; };
		542372892C3BF771009450E6 /* InboxRowView.swift */ = {isa = PBXFileReference; lastKnownFileType = sourcecode.swift; path = InboxRowView.swift; sourceTree = "<group>"; };
		5423728C2C3C0637009450E6 /* NewMessageView.swift */ = {isa = PBXFileReference; lastKnownFileType = sourcecode.swift; path = NewMessageView.swift; sourceTree = "<group>"; };
		542372912C3C0917009450E6 /* ProfileView.swift */ = {isa = PBXFileReference; lastKnownFileType = sourcecode.swift; path = ProfileView.swift; sourceTree = "<group>"; };
		542372932C3C0A22009450E6 /* SettingOptionsViewModel.swift */ = {isa = PBXFileReference; lastKnownFileType = sourcecode.swift; path = SettingOptionsViewModel.swift; sourceTree = "<group>"; };
		542372952C3C0E3A009450E6 /* ProfileViewModel.swift */ = {isa = PBXFileReference; lastKnownFileType = sourcecode.swift; path = ProfileViewModel.swift; sourceTree = "<group>"; };
		542372972C3C1C4F009450E6 /* User.swift */ = {isa = PBXFileReference; lastKnownFileType = sourcecode.swift; path = User.swift; sourceTree = "<group>"; };
		54C04AB92C3E823900DE56F0 /* Message.swift */ = {isa = PBXFileReference; lastKnownFileType = sourcecode.swift; path = Message.swift; sourceTree = "<group>"; };
		54C04ABB2C3E867800DE56F0 /* MessageService.swift */ = {isa = PBXFileReference; lastKnownFileType = sourcecode.swift; path = MessageService.swift; sourceTree = "<group>"; };
		54C04ABF2C3E8E1500DE56F0 /* ChatViewModel.swift */ = {isa = PBXFileReference; lastKnownFileType = sourcecode.swift; path = ChatViewModel.swift; sourceTree = "<group>"; };
		54C04AC22C3EAB1E00DE56F0 /* ChatService.swift */ = {isa = PBXFileReference; lastKnownFileType = sourcecode.swift; path = ChatService.swift; sourceTree = "<group>"; };
		54C04AC52C3EABF400DE56F0 /* Constants.swift */ = {isa = PBXFileReference; lastKnownFileType = sourcecode.swift; path = Constants.swift; sourceTree = "<group>"; };
		54C04AC82C3FE6FF00DE56F0 /* InboxService.swift */ = {isa = PBXFileReference; lastKnownFileType = sourcecode.swift; path = InboxService.swift; sourceTree = "<group>"; };
		54C04ACA2C3FF2C400DE56F0 /* Date.swift */ = {isa = PBXFileReference; lastKnownFileType = sourcecode.swift; path = Date.swift; sourceTree = "<group>"; };
		54E44EEA2C412A060026D225 /* ActiveNowViewModel.swift */ = {isa = PBXFileReference; lastKnownFileType = sourcecode.swift; path = ActiveNowViewModel.swift; sourceTree = "<group>"; };
		54E44EEE2C412CDA0026D225 /* Route.swift */ = {isa = PBXFileReference; lastKnownFileType = sourcecode.swift; path = Route.swift; sourceTree = "<group>"; };
/* End PBXFileReference section */

/* Begin PBXFrameworksBuildPhase section */
		542372632C3BDCB9009450E6 /* Frameworks */ = {
			isa = PBXFrameworksBuildPhase;
			buildActionMask = 2147483647;
			files = (
				54165C022C3D389B005B8A73 /* FirebaseAuth in Frameworks */,
				54165C082C3D389B005B8A73 /* FirebaseStorage in Frameworks */,
				54165C042C3D389B005B8A73 /* FirebaseFirestore in Frameworks */,
				54165C062C3D389B005B8A73 /* FirebaseFirestoreSwift in Frameworks */,
			);
			runOnlyForDeploymentPostprocessing = 0;
		};
/* End PBXFrameworksBuildPhase section */

/* Begin PBXGroup section */
		54165BF22C3C2706005B8A73 /* Components */ = {
			isa = PBXGroup;
			children = (
				54165BF32C3C2721005B8A73 /* CircularProfileImageView.swift */,
			);
			path = Components;
			sourceTree = "<group>";
		};
		54165BF52C3C2AA6005B8A73 /* Chat */ = {
			isa = PBXGroup;
			children = (
				54C04AC12C3EAB0E00DE56F0 /* Service */,
				54C04ABE2C3E8E0B00DE56F0 /* ViewModel */,
				54C04ABD2C3E8E0300DE56F0 /* View */,
			);
			path = Chat;
			sourceTree = "<group>";
		};
		54165C092C3D3956005B8A73 /* Service */ = {
			isa = PBXGroup;
			children = (
				54165C0F2C3D39A8005B8A73 /* AuthService.swift */,
			);
			path = Service;
			sourceTree = "<group>";
		};
		54165C0A2C3D395B005B8A73 /* ViewModel */ = {
			isa = PBXGroup;
			children = (
				54165C0B2C3D3973005B8A73 /* LoginViewModel.swift */,
				54165C0D2C3D398B005B8A73 /* RegistrationViewModel.swift */,
			);
			path = ViewModel;
			sourceTree = "<group>";
		};
		54165C112C3D41A6005B8A73 /* View */ = {
			isa = PBXGroup;
			children = (
				5423726B2C3BDCB9009450E6 /* ContentView.swift */,
			);
			path = View;
			sourceTree = "<group>";
		};
		54165C122C3D41AB005B8A73 /* ViewModel */ = {
			isa = PBXGroup;
			children = (
				54165C132C3D41B9005B8A73 /* ContentViewModel.swift */,
			);
			path = ViewModel;
			sourceTree = "<group>";
		};
		54165C172C3D4DF4005B8A73 /* Views */ = {
			isa = PBXGroup;
			children = (
				542372842C3BEDB8009450E6 /* InboxView.swift */,
				542372892C3BF771009450E6 /* InboxRowView.swift */,
			);
			path = Views;
			sourceTree = "<group>";
		};
		54165C182C3D4DFC005B8A73 /* ViewModel */ = {
			isa = PBXGroup;
			children = (
				54165C192C3D4E0A005B8A73 /* InboxViewModel.swift */,
			);
			path = ViewModel;
			sourceTree = "<group>";
		};
		54165C1B2C3D6C3E005B8A73 /* Views */ = {
			isa = PBXGroup;
			children = (
				5423728C2C3C0637009450E6 /* NewMessageView.swift */,
			);
			path = Views;
			sourceTree = "<group>";
		};
		54165C1C2C3D6C47005B8A73 /* ViewModels */ = {
			isa = PBXGroup;
			children = (
				54165C1D2C3D6C5C005B8A73 /* NewMessageViewModel.swift */,
			);
			path = ViewModels;
			sourceTree = "<group>";
		};
		5423725D2C3BDCB9009450E6 = {
			isa = PBXGroup;
			children = (
				542372682C3BDCB9009450E6 /* FriendsChat */,
				542372672C3BDCB9009450E6 /* Products */,
			);
			sourceTree = "<group>";
		};
		542372672C3BDCB9009450E6 /* Products */ = {
			isa = PBXGroup;
			children = (
				542372662C3BDCB9009450E6 /* FriendsChat.app */,
			);
			name = Products;
			sourceTree = "<group>";
		};
		542372682C3BDCB9009450E6 /* FriendsChat */ = {
			isa = PBXGroup;
			children = (
				54E44EEC2C412CC50026D225 /* Rooting */,
				5423727B2C3BDD46009450E6 /* App */,
				542372772C3BDD35009450E6 /* Extensions */,
				5423727A2C3BDD41009450E6 /* Core */,
				542372792C3BDD3D009450E6 /* Model */,
				542372782C3BDD3B009450E6 /* Service */,
				54C04AC42C3EABE700DE56F0 /* Utils */,
				54165BFE2C3D37DC005B8A73 /* GoogleService-Info.plist */,
				5423726D2C3BDCBA009450E6 /* Assets.xcassets */,
				5423726F2C3BDCBA009450E6 /* Preview Content */,
			);
			path = FriendsChat;
			sourceTree = "<group>";
		};
		5423726F2C3BDCBA009450E6 /* Preview Content */ = {
			isa = PBXGroup;
			children = (
				542372702C3BDCBA009450E6 /* Preview Assets.xcassets */,
			);
			path = "Preview Content";
			sourceTree = "<group>";
		};
		542372772C3BDD35009450E6 /* Extensions */ = {
			isa = PBXGroup;
			children = (
				54C04ACA2C3FF2C400DE56F0 /* Date.swift */,
			);
			path = Extensions;
			sourceTree = "<group>";
		};
		542372782C3BDD3B009450E6 /* Service */ = {
			isa = PBXGroup;
			children = (
				54165C152C3D4B98005B8A73 /* UserService.swift */,
				54C04ABB2C3E867800DE56F0 /* MessageService.swift */,
			);
			path = Service;
			sourceTree = "<group>";
		};
		542372792C3BDD3D009450E6 /* Model */ = {
			isa = PBXGroup;
			children = (
				542372972C3C1C4F009450E6 /* User.swift */,
				54C04AB92C3E823900DE56F0 /* Message.swift */,
			);
			path = Model;
			sourceTree = "<group>";
		};
		5423727A2C3BDD41009450E6 /* Core */ = {
			isa = PBXGroup;
			children = (
				54165BF52C3C2AA6005B8A73 /* Chat */,
				542372862C3BEF3B009450E6 /* ActiveNow */,
				5423727C2C3BDE10009450E6 /* Authentication */,
				54165BF22C3C2706005B8A73 /* Components */,
				542372832C3BEDAD009450E6 /* Inbox */,
				5423728B2C3C061E009450E6 /* NewMessage */,
				5423728E2C3C0900009450E6 /* Profile */,
				5423727D2C3BDE1A009450E6 /* Root */,
			);
			path = Core;
			sourceTree = "<group>";
		};
		5423727B2C3BDD46009450E6 /* App */ = {
			isa = PBXGroup;
			children = (
				542372692C3BDCB9009450E6 /* FriendsChatApp.swift */,
			);
			path = App;
			sourceTree = "<group>";
		};
		5423727C2C3BDE10009450E6 /* Authentication */ = {
			isa = PBXGroup;
			children = (
				54165C092C3D3956005B8A73 /* Service */,
				54165C0A2C3D395B005B8A73 /* ViewModel */,
				5423727E2C3BDE42009450E6 /* View */,
			);
			path = Authentication;
			sourceTree = "<group>";
		};
		5423727D2C3BDE1A009450E6 /* Root */ = {
			isa = PBXGroup;
			children = (
				54165C122C3D41AB005B8A73 /* ViewModel */,
				54165C112C3D41A6005B8A73 /* View */,
			);
			path = Root;
			sourceTree = "<group>";
		};
		5423727E2C3BDE42009450E6 /* View */ = {
			isa = PBXGroup;
			children = (
				5423727F2C3BDE54009450E6 /* LoginView.swift */,
				542372812C3BEBB0009450E6 /* RegistrationView.swift */,
			);
			path = View;
			sourceTree = "<group>";
		};
		542372832C3BEDAD009450E6 /* Inbox */ = {
			isa = PBXGroup;
			children = (
				54C04AC72C3FE6F400DE56F0 /* Service */,
				54165C182C3D4DFC005B8A73 /* ViewModel */,
				54165C172C3D4DF4005B8A73 /* Views */,
			);
			path = Inbox;
			sourceTree = "<group>";
		};
		542372862C3BEF3B009450E6 /* ActiveNow */ = {
			isa = PBXGroup;
			children = (
				54E44EE92C4129E00026D225 /* ViewModel */,
				54E44EE82C4129D20026D225 /* View */,
			);
			path = ActiveNow;
			sourceTree = "<group>";
		};
		5423728B2C3C061E009450E6 /* NewMessage */ = {
			isa = PBXGroup;
			children = (
				54165C1C2C3D6C47005B8A73 /* ViewModels */,
				54165C1B2C3D6C3E005B8A73 /* Views */,
			);
			path = NewMessage;
			sourceTree = "<group>";
		};
		5423728E2C3C0900009450E6 /* Profile */ = {
			isa = PBXGroup;
			children = (
				542372902C3C090D009450E6 /* View */,
				5423728F2C3C0909009450E6 /* ViewModel */,
			);
			path = Profile;
			sourceTree = "<group>";
		};
		5423728F2C3C0909009450E6 /* ViewModel */ = {
			isa = PBXGroup;
			children = (
				542372932C3C0A22009450E6 /* SettingOptionsViewModel.swift */,
				542372952C3C0E3A009450E6 /* ProfileViewModel.swift */,
			);
			path = ViewModel;
			sourceTree = "<group>";
		};
		542372902C3C090D009450E6 /* View */ = {
			isa = PBXGroup;
			children = (
				542372912C3C0917009450E6 /* ProfileView.swift */,
			);
			path = View;
			sourceTree = "<group>";
		};
		54C04ABD2C3E8E0300DE56F0 /* View */ = {
			isa = PBXGroup;
			children = (
				54165BF62C3C2AB2005B8A73 /* ChatView.swift */,
				54165BF82C3C2CBD005B8A73 /* ChatMessageCell.swift */,
				54165BFA2C3C2ED0005B8A73 /* ChatBubble.swift */,
			);
			path = View;
			sourceTree = "<group>";
		};
		54C04ABE2C3E8E0B00DE56F0 /* ViewModel */ = {
			isa = PBXGroup;
			children = (
				54C04ABF2C3E8E1500DE56F0 /* ChatViewModel.swift */,
			);
			path = ViewModel;
			sourceTree = "<group>";
		};
		54C04AC12C3EAB0E00DE56F0 /* Service */ = {
			isa = PBXGroup;
			children = (
				54C04AC22C3EAB1E00DE56F0 /* ChatService.swift */,
			);
			path = Service;
			sourceTree = "<group>";
		};
		54C04AC42C3EABE700DE56F0 /* Utils */ = {
			isa = PBXGroup;
			children = (
				54C04AC52C3EABF400DE56F0 /* Constants.swift */,
			);
			path = Utils;
			sourceTree = "<group>";
		};
		54C04AC72C3FE6F400DE56F0 /* Service */ = {
			isa = PBXGroup;
			children = (
				54C04AC82C3FE6FF00DE56F0 /* InboxService.swift */,
			);
			path = Service;
			sourceTree = "<group>";
		};
		54E44EE82C4129D20026D225 /* View */ = {
			isa = PBXGroup;
			children = (
				542372872C3BEF47009450E6 /* ActiveNowView.swift */,
			);
			path = View;
			sourceTree = "<group>";
		};
		54E44EE92C4129E00026D225 /* ViewModel */ = {
			isa = PBXGroup;
			children = (
				54E44EEA2C412A060026D225 /* ActiveNowViewModel.swift */,
			);
			path = ViewModel;
			sourceTree = "<group>";
		};
		54E44EEC2C412CC50026D225 /* Rooting */ = {
			isa = PBXGroup;
			children = (
				54E44EEE2C412CDA0026D225 /* Route.swift */,
			);
			path = Rooting;
			sourceTree = "<group>";
		};
/* End PBXGroup section */

/* Begin PBXNativeTarget section */
		542372652C3BDCB9009450E6 /* FriendsChat */ = {
			isa = PBXNativeTarget;
			buildConfigurationList = 542372742C3BDCBA009450E6 /* Build configuration list for PBXNativeTarget "FriendsChat" */;
			buildPhases = (
				542372622C3BDCB9009450E6 /* Sources */,
				542372632C3BDCB9009450E6 /* Frameworks */,
				542372642C3BDCB9009450E6 /* Resources */,
			);
			buildRules = (
			);
			dependencies = (
			);
			name = FriendsChat;
			packageProductDependencies = (
				54165C012C3D389B005B8A73 /* FirebaseAuth */,
				54165C032C3D389B005B8A73 /* FirebaseFirestore */,
				54165C052C3D389B005B8A73 /* FirebaseFirestoreSwift */,
				54165C072C3D389B005B8A73 /* FirebaseStorage */,
			);
			productName = FriendsChat;
			productReference = 542372662C3BDCB9009450E6 /* FriendsChat.app */;
			productType = "com.apple.product-type.application";
		};
/* End PBXNativeTarget section */

/* Begin PBXProject section */
		5423725E2C3BDCB9009450E6 /* Project object */ = {
			isa = PBXProject;
			attributes = {
				BuildIndependentTargetsInParallel = 1;
				LastSwiftUpdateCheck = 1540;
				LastUpgradeCheck = 1540;
				TargetAttributes = {
					542372652C3BDCB9009450E6 = {
						CreatedOnToolsVersion = 15.4;
					};
				};
			};
			buildConfigurationList = 542372612C3BDCB9009450E6 /* Build configuration list for PBXProject "FriendsChat" */;
			compatibilityVersion = "Xcode 14.0";
			developmentRegion = en;
			hasScannedForEncodings = 0;
			knownRegions = (
				en,
				Base,
			);
			mainGroup = 5423725D2C3BDCB9009450E6;
			packageReferences = (
				54165C002C3D389B005B8A73 /* XCRemoteSwiftPackageReference "firebase-ios-sdk" */,
			);
			productRefGroup = 542372672C3BDCB9009450E6 /* Products */;
			projectDirPath = "";
			projectRoot = "";
			targets = (
				542372652C3BDCB9009450E6 /* FriendsChat */,
			);
		};
/* End PBXProject section */

/* Begin PBXResourcesBuildPhase section */
		542372642C3BDCB9009450E6 /* Resources */ = {
			isa = PBXResourcesBuildPhase;
			buildActionMask = 2147483647;
			files = (
				542372712C3BDCBA009450E6 /* Preview Assets.xcassets in Resources */,
				5423726E2C3BDCBA009450E6 /* Assets.xcassets in Resources */,
				54165BFF2C3D37DC005B8A73 /* GoogleService-Info.plist in Resources */,
			);
			runOnlyForDeploymentPostprocessing = 0;
		};
/* End PBXResourcesBuildPhase section */

/* Begin PBXSourcesBuildPhase section */
		542372622C3BDCB9009450E6 /* Sources */ = {
			isa = PBXSourcesBuildPhase;
			buildActionMask = 2147483647;
			files = (
				54C04AC02C3E8E1500DE56F0 /* ChatViewModel.swift in Sources */,
				54C04ACB2C3FF2C400DE56F0 /* Date.swift in Sources */,
				5423728A2C3BF771009450E6 /* InboxRowView.swift in Sources */,
				54165C1A2C3D4E0A005B8A73 /* InboxViewModel.swift in Sources */,
				54165C0E2C3D398B005B8A73 /* RegistrationViewModel.swift in Sources */,
				542372922C3C0917009450E6 /* ProfileView.swift in Sources */,
				542372802C3BDE54009450E6 /* LoginView.swift in Sources */,
				54165C142C3D41B9005B8A73 /* ContentViewModel.swift in Sources */,
				5423728D2C3C0637009450E6 /* NewMessageView.swift in Sources */,
				54E44EEF2C412CDA0026D225 /* Route.swift in Sources */,
				54165BF72C3C2AB2005B8A73 /* ChatView.swift in Sources */,
				54165C102C3D39A8005B8A73 /* AuthService.swift in Sources */,
				5423726C2C3BDCB9009450E6 /* ContentView.swift in Sources */,
				54C04AC92C3FE6FF00DE56F0 /* InboxService.swift in Sources */,
				54C04AC62C3EABF400DE56F0 /* Constants.swift in Sources */,
				54165BF92C3C2CBD005B8A73 /* ChatMessageCell.swift in Sources */,
				54165BFB2C3C2ED0005B8A73 /* ChatBubble.swift in Sources */,
				54165BF42C3C2721005B8A73 /* CircularProfileImageView.swift in Sources */,
				54C04AC32C3EAB1E00DE56F0 /* ChatService.swift in Sources */,
				542372852C3BEDB8009450E6 /* InboxView.swift in Sources */,
				54165C0C2C3D3973005B8A73 /* LoginViewModel.swift in Sources */,
				54E44EEB2C412A060026D225 /* ActiveNowViewModel.swift in Sources */,
				54165C1E2C3D6C5C005B8A73 /* NewMessageViewModel.swift in Sources */,
				54165C162C3D4B98005B8A73 /* UserService.swift in Sources */,
				542372942C3C0A22009450E6 /* SettingOptionsViewModel.swift in Sources */,
				542372962C3C0E3A009450E6 /* ProfileViewModel.swift in Sources */,
				542372982C3C1C4F009450E6 /* User.swift in Sources */,
				54C04ABC2C3E867800DE56F0 /* MessageService.swift in Sources */,
				542372882C3BEF47009450E6 /* ActiveNowView.swift in Sources */,
				54C04ABA2C3E823900DE56F0 /* Message.swift in Sources */,
				5423726A2C3BDCB9009450E6 /* FriendsChatApp.swift in Sources */,
				542372822C3BEBB0009450E6 /* RegistrationView.swift in Sources */,
			);
			runOnlyForDeploymentPostprocessing = 0;
		};
/* End PBXSourcesBuildPhase section */

/* Begin XCBuildConfiguration section */
		542372722C3BDCBA009450E6 /* Debug */ = {
			isa = XCBuildConfiguration;
			buildSettings = {
				ALWAYS_SEARCH_USER_PATHS = NO;
				ASSETCATALOG_COMPILER_GENERATE_SWIFT_ASSET_SYMBOL_EXTENSIONS = YES;
				CLANG_ANALYZER_NONNULL = YES;
				CLANG_ANALYZER_NUMBER_OBJECT_CONVERSION = YES_AGGRESSIVE;
				CLANG_CXX_LANGUAGE_STANDARD = "gnu++20";
				CLANG_ENABLE_MODULES = YES;
				CLANG_ENABLE_OBJC_ARC = YES;
				CLANG_ENABLE_OBJC_WEAK = YES;
				CLANG_WARN_BLOCK_CAPTURE_AUTORELEASING = YES;
				CLANG_WARN_BOOL_CONVERSION = YES;
				CLANG_WARN_COMMA = YES;
				CLANG_WARN_CONSTANT_CONVERSION = YES;
				CLANG_WARN_DEPRECATED_OBJC_IMPLEMENTATIONS = YES;
				CLANG_WARN_DIRECT_OBJC_ISA_USAGE = YES_ERROR;
				CLANG_WARN_DOCUMENTATION_COMMENTS = YES;
				CLANG_WARN_EMPTY_BODY = YES;
				CLANG_WARN_ENUM_CONVERSION = YES;
				CLANG_WARN_INFINITE_RECURSION = YES;
				CLANG_WARN_INT_CONVERSION = YES;
				CLANG_WARN_NON_LITERAL_NULL_CONVERSION = YES;
				CLANG_WARN_OBJC_IMPLICIT_RETAIN_SELF = YES;
				CLANG_WARN_OBJC_LITERAL_CONVERSION = YES;
				CLANG_WARN_OBJC_ROOT_CLASS = YES_ERROR;
				CLANG_WARN_QUOTED_INCLUDE_IN_FRAMEWORK_HEADER = YES;
				CLANG_WARN_RANGE_LOOP_ANALYSIS = YES;
				CLANG_WARN_STRICT_PROTOTYPES = YES;
				CLANG_WARN_SUSPICIOUS_MOVE = YES;
				CLANG_WARN_UNGUARDED_AVAILABILITY = YES_AGGRESSIVE;
				CLANG_WARN_UNREACHABLE_CODE = YES;
				CLANG_WARN__DUPLICATE_METHOD_MATCH = YES;
				COPY_PHASE_STRIP = NO;
				DEBUG_INFORMATION_FORMAT = dwarf;
				ENABLE_STRICT_OBJC_MSGSEND = YES;
				ENABLE_TESTABILITY = YES;
				ENABLE_USER_SCRIPT_SANDBOXING = YES;
				GCC_C_LANGUAGE_STANDARD = gnu17;
				GCC_DYNAMIC_NO_PIC = NO;
				GCC_NO_COMMON_BLOCKS = YES;
				GCC_OPTIMIZATION_LEVEL = 0;
				GCC_PREPROCESSOR_DEFINITIONS = (
					"DEBUG=1",
					"$(inherited)",
				);
				GCC_WARN_64_TO_32_BIT_CONVERSION = YES;
				GCC_WARN_ABOUT_RETURN_TYPE = YES_ERROR;
				GCC_WARN_UNDECLARED_SELECTOR = YES;
				GCC_WARN_UNINITIALIZED_AUTOS = YES_AGGRESSIVE;
				GCC_WARN_UNUSED_FUNCTION = YES;
				GCC_WARN_UNUSED_VARIABLE = YES;
				IPHONEOS_DEPLOYMENT_TARGET = 17.5;
				LOCALIZATION_PREFERS_STRING_CATALOGS = YES;
				MTL_ENABLE_DEBUG_INFO = INCLUDE_SOURCE;
				MTL_FAST_MATH = YES;
				ONLY_ACTIVE_ARCH = YES;
				SDKROOT = iphoneos;
				SWIFT_ACTIVE_COMPILATION_CONDITIONS = "DEBUG $(inherited)";
				SWIFT_OPTIMIZATION_LEVEL = "-Onone";
			};
			name = Debug;
		};
		542372732C3BDCBA009450E6 /* Release */ = {
			isa = XCBuildConfiguration;
			buildSettings = {
				ALWAYS_SEARCH_USER_PATHS = NO;
				ASSETCATALOG_COMPILER_GENERATE_SWIFT_ASSET_SYMBOL_EXTENSIONS = YES;
				CLANG_ANALYZER_NONNULL = YES;
				CLANG_ANALYZER_NUMBER_OBJECT_CONVERSION = YES_AGGRESSIVE;
				CLANG_CXX_LANGUAGE_STANDARD = "gnu++20";
				CLANG_ENABLE_MODULES = YES;
				CLANG_ENABLE_OBJC_ARC = YES;
				CLANG_ENABLE_OBJC_WEAK = YES;
				CLANG_WARN_BLOCK_CAPTURE_AUTORELEASING = YES;
				CLANG_WARN_BOOL_CONVERSION = YES;
				CLANG_WARN_COMMA = YES;
				CLANG_WARN_CONSTANT_CONVERSION = YES;
				CLANG_WARN_DEPRECATED_OBJC_IMPLEMENTATIONS = YES;
				CLANG_WARN_DIRECT_OBJC_ISA_USAGE = YES_ERROR;
				CLANG_WARN_DOCUMENTATION_COMMENTS = YES;
				CLANG_WARN_EMPTY_BODY = YES;
				CLANG_WARN_ENUM_CONVERSION = YES;
				CLANG_WARN_INFINITE_RECURSION = YES;
				CLANG_WARN_INT_CONVERSION = YES;
				CLANG_WARN_NON_LITERAL_NULL_CONVERSION = YES;
				CLANG_WARN_OBJC_IMPLICIT_RETAIN_SELF = YES;
				CLANG_WARN_OBJC_LITERAL_CONVERSION = YES;
				CLANG_WARN_OBJC_ROOT_CLASS = YES_ERROR;
				CLANG_WARN_QUOTED_INCLUDE_IN_FRAMEWORK_HEADER = YES;
				CLANG_WARN_RANGE_LOOP_ANALYSIS = YES;
				CLANG_WARN_STRICT_PROTOTYPES = YES;
				CLANG_WARN_SUSPICIOUS_MOVE = YES;
				CLANG_WARN_UNGUARDED_AVAILABILITY = YES_AGGRESSIVE;
				CLANG_WARN_UNREACHABLE_CODE = YES;
				CLANG_WARN__DUPLICATE_METHOD_MATCH = YES;
				COPY_PHASE_STRIP = NO;
				DEBUG_INFORMATION_FORMAT = "dwarf-with-dsym";
				ENABLE_NS_ASSERTIONS = NO;
				ENABLE_STRICT_OBJC_MSGSEND = YES;
				ENABLE_USER_SCRIPT_SANDBOXING = YES;
				GCC_C_LANGUAGE_STANDARD = gnu17;
				GCC_NO_COMMON_BLOCKS = YES;
				GCC_WARN_64_TO_32_BIT_CONVERSION = YES;
				GCC_WARN_ABOUT_RETURN_TYPE = YES_ERROR;
				GCC_WARN_UNDECLARED_SELECTOR = YES;
				GCC_WARN_UNINITIALIZED_AUTOS = YES_AGGRESSIVE;
				GCC_WARN_UNUSED_FUNCTION = YES;
				GCC_WARN_UNUSED_VARIABLE = YES;
				IPHONEOS_DEPLOYMENT_TARGET = 17.5;
				LOCALIZATION_PREFERS_STRING_CATALOGS = YES;
				MTL_ENABLE_DEBUG_INFO = NO;
				MTL_FAST_MATH = YES;
				SDKROOT = iphoneos;
				SWIFT_COMPILATION_MODE = wholemodule;
				VALIDATE_PRODUCT = YES;
			};
			name = Release;
		};
		542372752C3BDCBA009450E6 /* Debug */ = {
			isa = XCBuildConfiguration;
			buildSettings = {
				ASSETCATALOG_COMPILER_APPICON_NAME = AppIcon;
				ASSETCATALOG_COMPILER_GLOBAL_ACCENT_COLOR_NAME = AccentColor;
				CODE_SIGN_STYLE = Automatic;
				CURRENT_PROJECT_VERSION = 1;
				DEVELOPMENT_ASSET_PATHS = "\"FriendsChat/Preview Content\"";
				DEVELOPMENT_TEAM = 9W625278YK;
				ENABLE_PREVIEWS = YES;
				GENERATE_INFOPLIST_FILE = YES;
				INFOPLIST_KEY_UIApplicationSceneManifest_Generation = YES;
				INFOPLIST_KEY_UIApplicationSupportsIndirectInputEvents = YES;
				INFOPLIST_KEY_UILaunchScreen_Generation = YES;
				INFOPLIST_KEY_UISupportedInterfaceOrientations_iPad = "UIInterfaceOrientationPortrait UIInterfaceOrientationPortraitUpsideDown UIInterfaceOrientationLandscapeLeft UIInterfaceOrientationLandscapeRight";
				INFOPLIST_KEY_UISupportedInterfaceOrientations_iPhone = "UIInterfaceOrientationPortrait UIInterfaceOrientationLandscapeLeft UIInterfaceOrientationLandscapeRight";
				LD_RUNPATH_SEARCH_PATHS = (
					"$(inherited)",
					"@executable_path/Frameworks",
				);
				MARKETING_VERSION = 1.0;
				PRODUCT_BUNDLE_IDENTIFIER = Nezgovorov.FriendsChat;
				PRODUCT_NAME = "$(TARGET_NAME)";
				SWIFT_EMIT_LOC_STRINGS = YES;
				SWIFT_VERSION = 5.0;
				TARGETED_DEVICE_FAMILY = "1,2";
			};
			name = Debug;
		};
		542372762C3BDCBA009450E6 /* Release */ = {
			isa = XCBuildConfiguration;
			buildSettings = {
				ASSETCATALOG_COMPILER_APPICON_NAME = AppIcon;
				ASSETCATALOG_COMPILER_GLOBAL_ACCENT_COLOR_NAME = AccentColor;
				CODE_SIGN_STYLE = Automatic;
				CURRENT_PROJECT_VERSION = 1;
				DEVELOPMENT_ASSET_PATHS = "\"FriendsChat/Preview Content\"";
				DEVELOPMENT_TEAM = 9W625278YK;
				ENABLE_PREVIEWS = YES;
				GENERATE_INFOPLIST_FILE = YES;
				INFOPLIST_KEY_UIApplicationSceneManifest_Generation = YES;
				INFOPLIST_KEY_UIApplicationSupportsIndirectInputEvents = YES;
				INFOPLIST_KEY_UILaunchScreen_Generation = YES;
				INFOPLIST_KEY_UISupportedInterfaceOrientations_iPad = "UIInterfaceOrientationPortrait UIInterfaceOrientationPortraitUpsideDown UIInterfaceOrientationLandscapeLeft UIInterfaceOrientationLandscapeRight";
				INFOPLIST_KEY_UISupportedInterfaceOrientations_iPhone = "UIInterfaceOrientationPortrait UIInterfaceOrientationLandscapeLeft UIInterfaceOrientationLandscapeRight";
				LD_RUNPATH_SEARCH_PATHS = (
					"$(inherited)",
					"@executable_path/Frameworks",
				);
				MARKETING_VERSION = 1.0;
				PRODUCT_BUNDLE_IDENTIFIER = Nezgovorov.FriendsChat;
				PRODUCT_NAME = "$(TARGET_NAME)";
				SWIFT_EMIT_LOC_STRINGS = YES;
				SWIFT_VERSION = 5.0;
				TARGETED_DEVICE_FAMILY = "1,2";
			};
			name = Release;
		};
/* End XCBuildConfiguration section */

/* Begin XCConfigurationList section */
		542372612C3BDCB9009450E6 /* Build configuration list for PBXProject "FriendsChat" */ = {
			isa = XCConfigurationList;
			buildConfigurations = (
				542372722C3BDCBA009450E6 /* Debug */,
				542372732C3BDCBA009450E6 /* Release */,
			);
			defaultConfigurationIsVisible = 0;
			defaultConfigurationName = Release;
		};
		542372742C3BDCBA009450E6 /* Build configuration list for PBXNativeTarget "FriendsChat" */ = {
			isa = XCConfigurationList;
			buildConfigurations = (
				542372752C3BDCBA009450E6 /* Debug */,
				542372762C3BDCBA009450E6 /* Release */,
			);
			defaultConfigurationIsVisible = 0;
			defaultConfigurationName = Release;
		};
/* End XCConfigurationList section */

/* Begin XCRemoteSwiftPackageReference section */
		54165C002C3D389B005B8A73 /* XCRemoteSwiftPackageReference "firebase-ios-sdk" */ = {
			isa = XCRemoteSwiftPackageReference;
			repositoryURL = "https://github.com/firebase/firebase-ios-sdk";
			requirement = {
				kind = upToNextMajorVersion;
				minimumVersion = 10.29.0;
			};
		};
/* End XCRemoteSwiftPackageReference section */

/* Begin XCSwiftPackageProductDependency section */
		54165C012C3D389B005B8A73 /* FirebaseAuth */ = {
			isa = XCSwiftPackageProductDependency;
			package = 54165C002C3D389B005B8A73 /* XCRemoteSwiftPackageReference "firebase-ios-sdk" */;
			productName = FirebaseAuth;
		};
		54165C032C3D389B005B8A73 /* FirebaseFirestore */ = {
			isa = XCSwiftPackageProductDependency;
			package = 54165C002C3D389B005B8A73 /* XCRemoteSwiftPackageReference "firebase-ios-sdk" */;
			productName = FirebaseFirestore;
		};
		54165C052C3D389B005B8A73 /* FirebaseFirestoreSwift */ = {
			isa = XCSwiftPackageProductDependency;
			package = 54165C002C3D389B005B8A73 /* XCRemoteSwiftPackageReference "firebase-ios-sdk" */;
			productName = FirebaseFirestoreSwift;
		};
		54165C072C3D389B005B8A73 /* FirebaseStorage */ = {
			isa = XCSwiftPackageProductDependency;
			package = 54165C002C3D389B005B8A73 /* XCRemoteSwiftPackageReference "firebase-ios-sdk" */;
			productName = FirebaseStorage;
		};
/* End XCSwiftPackageProductDependency section */
	};
	rootObject = 5423725E2C3BDCB9009450E6 /* Project object */;
}
